
Microsoft Visual Studio Solution File, Format Version 12.00
# Visual Studio 2012
Project("{FAE04EC0-301F-11D3-BF4B-00C04F79EFBC}") = "ParkingService", "ParkingService\ParkingService.csproj", "{5423F1D8-3660-40CE-83EF-BF1FD7EBE6F7}"
EndProject
Project("{FAE04EC0-301F-11D3-BF4B-00C04F79EFBC}") = "Dados", "Dados\Dados.csproj", "{876AC577-23C0-4AD7-A9E8-F3388D1FCC7A}"
EndProject
Global
	GlobalSection(SolutionConfigurationPlatforms) = preSolution
		Debug|Any CPU = Debug|Any CPU
		Release|Any CPU = Release|Any CPU
	EndGlobalSection
	GlobalSection(ProjectConfigurationPlatforms) = postSolution
		{5423F1D8-3660-40CE-83EF-BF1FD7EBE6F7}.Debug|Any CPU.ActiveCfg = Debug|Any CPU
		{5423F1D8-3660-40CE-83EF-BF1FD7EBE6F7}.Debug|Any CPU.Build.0 = Debug|Any CPU
		{5423F1D8-3660-40CE-83EF-BF1FD7EBE6F7}.Release|Any CPU.ActiveCfg = Release|Any CPU
		{5423F1D8-3660-40CE-83EF-BF1FD7EBE6F7}.Release|Any CPU.Build.0 = Release|Any CPU
		{876AC577-23C0-4AD7-A9E8-F3388D1FCC7A}.Debug|Any CPU.ActiveCfg = Debug|Any CPU
		{876AC577-23C0-4AD7-A9E8-F3388D1FCC7A}.Debug|Any CPU.Build.0 = Debug|Any CPU
		{876AC577-23C0-4AD7-A9E8-F3388D1FCC7A}.Release|Any CPU.ActiveCfg = Release|Any CPU
		{876AC577-23C0-4AD7-A9E8-F3388D1FCC7A}.Release|Any CPU.Build.0 = Release|Any CPU
	EndGlobalSection
	GlobalSection(SolutionProperties) = preSolution
		HideSolutionNode = FALSE
	EndGlobalSection
EndGlobal
